{
  "name": "lab-maps",
  "version": "1.0.0",
  "lockfileVersion": 3,
  "requires": true,
  "packages": {
    "": {
      "name": "lab-maps",
      "version": "1.0.0",
      "license": "ISC",
      "dependencies": {
        "@types/jquery": "^3.5.16",
        "@types/yandex-maps": "^2.1.29",
        "jquery": "^3.6.4"
      }
    },
    "node_modules/@types/jquery": {
      "version": "3.5.16",
      "resolved": "https://registry.npmjs.org/@types/jquery/-/jquery-3.5.16.tgz",
      "integrity": "sha512-bsI7y4ZgeMkmpG9OM710RRzDFp+w4P1RGiIt30C1mSBT+ExCleeh4HObwgArnDFELmRrOpXgSYN9VF1hj+f1lw==",
      "dependencies": {
        "@types/sizzle": "*"
      }
    },
    "node_modules/@types/sizzle": {
      "version": "2.3.3",
      "resolved": "https://registry.npmjs.org/@types/sizzle/-/sizzle-2.3.3.tgz",
      "integrity": "sha512-JYM8x9EGF163bEyhdJBpR2QX1R5naCJHC8ucJylJ3w9/CVBaskdQ8WqBf8MmQrd1kRvp/a4TS8HJ+bxzR7ZJYQ=="
    },
    "node_modules/@types/yandex-maps": {
      "version": "2.1.29",
      "resolved": "https://registry.npmjs.org/@types/yandex-maps/-/yandex-maps-2.1.29.tgz",
      "integrity": "sha512-nuibRWj3RU/9KXlCzTrRtDE+n6V9l7NbT9JakicqZ5OXIdwyb6blvV2Uwn6lB58WYm3DSUDP2I2AWlnWMc8z2w=="
    },
    "node_modules/jquery": {
      "version": "3.6.4",
      "resolved": "https://registry.npmjs.org/jquery/-/jquery-3.6.4.tgz",
      "integrity": "sha512-v28EW9DWDFpzcD9O5iyJXg3R3+q+mET5JhnjJzQUZMHOv67bpSIHq81GEYpPNZHG+XXHsfSme3nxp/hndKEcsQ=="
    }
  }
}
